
Microsoft Visual Studio Solution File, Format Version 12.00
# Visual Studio Version 16
VisualStudioVersion = 16.0.29519.181
MinimumVisualStudioVersion = 10.0.40219.1
Project("{FAE04EC0-301F-11D3-BF4B-00C04F79EFBC}") = "Vic.SportsStore.WebApp", "Vic.SportsStore.WebApp\Vic.SportsStore.WebApp.csproj", "{463D81DB-3F00-4260-87A4-EAFD073C3252}"
EndProject
Project("{FAE04EC0-301F-11D3-BF4B-00C04F79EFBC}") = "Vic.SportsStore.Domain", "Vic.SportsStore.Domain\Vic.SportsStore.Domain.csproj", "{8E881E03-5069-4B4B-A21D-1B6ECE93815C}"
EndProject
Project("{FAE04EC0-301F-11D3-BF4B-00C04F79EFBC}") = "Vic.SportsStore.UnitTests", "Vic.SportsStore.UnitTests\Vic.SportsStore.UnitTests.csproj", "{25046007-4F73-4EE4-A082-5A60112C01DE}"
EndProject
Global
	GlobalSection(SolutionConfigurationPlatforms) = preSolution
		Debug|Any CPU = Debug|Any CPU
		Release|Any CPU = Release|Any CPU
	EndGlobalSection
	GlobalSection(ProjectConfigurationPlatforms) = postSolution
		{463D81DB-3F00-4260-87A4-EAFD073C3252}.Debug|Any CPU.ActiveCfg = Debug|Any CPU
		{463D81DB-3F00-4260-87A4-EAFD073C3252}.Debug|Any CPU.Build.0 = Debug|Any CPU
		{463D81DB-3F00-4260-87A4-EAFD073C3252}.Release|Any CPU.ActiveCfg = Release|Any CPU
		{463D81DB-3F00-4260-87A4-EAFD073C3252}.Release|Any CPU.Build.0 = Release|Any CPU
		{8E881E03-5069-4B4B-A21D-1B6ECE93815C}.Debug|Any CPU.ActiveCfg = Debug|Any CPU
		{8E881E03-5069-4B4B-A21D-1B6ECE93815C}.Debug|Any CPU.Build.0 = Debug|Any CPU
		{8E881E03-5069-4B4B-A21D-1B6ECE93815C}.Release|Any CPU.ActiveCfg = Release|Any CPU
		{8E881E03-5069-4B4B-A21D-1B6ECE93815C}.Release|Any CPU.Build.0 = Release|Any CPU
		{25046007-4F73-4EE4-A082-5A60112C01DE}.Debug|Any CPU.ActiveCfg = Debug|Any CPU
		{25046007-4F73-4EE4-A082-5A60112C01DE}.Debug|Any CPU.Build.0 = Debug|Any CPU
		{25046007-4F73-4EE4-A082-5A60112C01DE}.Release|Any CPU.ActiveCfg = Release|Any CPU
		{25046007-4F73-4EE4-A082-5A60112C01DE}.Release|Any CPU.Build.0 = Release|Any CPU
	EndGlobalSection
	GlobalSection(SolutionProperties) = preSolution
		HideSolutionNode = FALSE
	EndGlobalSection
	GlobalSection(ExtensibilityGlobals) = postSolution
		SolutionGuid = {1C1DEC5F-8229-4A59-B57A-362EDBFED628}
	EndGlobalSection
EndGlobal
